{
  "name": "@gooditworks/monitoring",
  "version": "1.0.0",
  "lockfileVersion": 2,
  "requires": true,
  "packages": {
    "": {
      "name": "@gooditworks/monitoring",
      "version": "1.0.0",
      "license": "MIT",
      "dependencies": {
        "@logdna/browser": "^1.1.2",
        "@logdna/logger": "^2.3.2",
        "@sentry/browser": "^6.7.2",
        "@sentry/minimal": "^6.7.2",
        "@sentry/node": "^6.7.2",
        "ga-gtag": "^1.1.0"
      },
      "devDependencies": {
        "@types/gtag.js": "^0.0.6"
      }
    },
    "node_modules/@logdna/browser": {
      "version": "1.1.2",
      "resolved": "https://registry.npmjs.org/@logdna/browser/-/browser-1.1.2.tgz",
      "integrity": "sha512-bsYVGm3z7KWu5Pd8J4rpL4ob5RlwiL7xjo1G+Qv8VzhdrYWO2Gml0SpJjcQrkLhDf5Me8WeZ3uwcRpdVzSWPZw==",
      "dependencies": {
        "detect-browser": "^5.2.0",
        "fast-safe-stringify": "^2.0.7"
      }
    },
    "node_modules/@logdna/logger": {
      "version": "2.3.2",
      "resolved": "https://registry.npmjs.org/@logdna/logger/-/logger-2.3.2.tgz",
      "integrity": "sha512-ZbP/5Ozl2jKLImMrDDsJH2gK3ew6C6CHpTNAxmXWWUxSBcYaT0ZUv1otRDtVETRgFtD9ds4ojqx/gtoKUfJ8cw==",
      "dependencies": {
        "agentkeepalive": "^4.1.3",
        "axios": "^0.21.1",
        "https-proxy-agent": "^5.0.0",
        "json-stringify-safe": "^5.0.1"
      }
    },
    "node_modules/@sentry/browser": {
      "version": "6.7.2",
      "resolved": "https://registry.npmjs.org/@sentry/browser/-/browser-6.7.2.tgz",
      "integrity": "sha512-Lv0Ne1QcesyGAhVcQDfQa3hDPR/MhPSDTMg3xFi+LxqztchVc4w/ynzR0wCZFb8KIHpTj5SpJHfxpDhXYMtS9g==",
      "dependencies": {
        "@sentry/core": "6.7.2",
        "@sentry/types": "6.7.2",
        "@sentry/utils": "6.7.2",
        "tslib": "^1.9.3"
      },
      "engines": {
        "node": ">=6"
      }
    },
    "node_modules/@sentry/core": {
      "version": "6.7.2",
      "resolved": "https://registry.npmjs.org/@sentry/core/-/core-6.7.2.tgz",
      "integrity": "sha512-NTZqwN5nR94yrXmSfekoPs1mIFuKvf8esdIW/DadwSKWAdLJwQTJY9xK/8PQv+SEzd7wiitPAx+mCw2By1xiNQ==",
      "dependencies": {
        "@sentry/hub": "6.7.2",
        "@sentry/minimal": "6.7.2",
        "@sentry/types": "6.7.2",
        "@sentry/utils": "6.7.2",
        "tslib": "^1.9.3"
      },
      "engines": {
        "node": ">=6"
      }
    },
    "node_modules/@sentry/hub": {
      "version": "6.7.2",
      "resolved": "https://registry.npmjs.org/@sentry/hub/-/hub-6.7.2.tgz",
      "integrity": "sha512-05qVW6ymChJsXag4+fYCQokW3AcABIgcqrVYZUBf6GMU/Gbz5SJqpV7y1+njwWvnPZydMncP9LaDVpMKbE7UYQ==",
      "dependencies": {
        "@sentry/types": "6.7.2",
        "@sentry/utils": "6.7.2",
        "tslib": "^1.9.3"
      },
      "engines": {
        "node": ">=6"
      }
    },
    "node_modules/@sentry/minimal": {
      "version": "6.7.2",
      "resolved": "https://registry.npmjs.org/@sentry/minimal/-/minimal-6.7.2.tgz",
      "integrity": "sha512-jkpwFv2GFHoVl5vnK+9/Q+Ea8eVdbJ3hn3/Dqq9MOLFnVK7ED6MhdHKLT79puGSFj+85OuhM5m2Q44mIhyS5mw==",
      "dependencies": {
        "@sentry/hub": "6.7.2",
        "@sentry/types": "6.7.2",
        "tslib": "^1.9.3"
      },
      "engines": {
        "node": ">=6"
      }
    },
    "node_modules/@sentry/node": {
      "version": "6.7.2",
      "resolved": "https://registry.npmjs.org/@sentry/node/-/node-6.7.2.tgz",
      "integrity": "sha512-vfNTmxBbHthAKPDBo0gVk/aNHdgUfXLzmaK7FgWO7cISiI2soCfvKEIP61XqIFZru06teqcRuDsYlR4wSeyWpg==",
      "dependencies": {
        "@sentry/core": "6.7.2",
        "@sentry/hub": "6.7.2",
        "@sentry/tracing": "6.7.2",
        "@sentry/types": "6.7.2",
        "@sentry/utils": "6.7.2",
        "cookie": "^0.4.1",
        "https-proxy-agent": "^5.0.0",
        "lru_map": "^0.3.3",
        "tslib": "^1.9.3"
      },
      "engines": {
        "node": ">=6"
      }
    },
    "node_modules/@sentry/tracing": {
      "version": "6.7.2",
      "resolved": "https://registry.npmjs.org/@sentry/tracing/-/tracing-6.7.2.tgz",
      "integrity": "sha512-juKlI7FICKONWJFJxDxerj0A+8mNRhmtrdR+OXFqOkqSAy/QXlSFZcA/j//O19k2CfwK1BrvoMcQ/4gnffUOVg==",
      "dependencies": {
        "@sentry/hub": "6.7.2",
        "@sentry/minimal": "6.7.2",
        "@sentry/types": "6.7.2",
        "@sentry/utils": "6.7.2",
        "tslib": "^1.9.3"
      },
      "engines": {
        "node": ">=6"
      }
    },
    "node_modules/@sentry/types": {
      "version": "6.7.2",
      "resolved": "https://registry.npmjs.org/@sentry/types/-/types-6.7.2.tgz",
      "integrity": "sha512-h21Go/PfstUN+ZV6SbwRSZVg9GXRJWdLfHoO5PSVb3TVEMckuxk8tAE57/u+UZDwX8wu+Xyon2TgsKpiWKxqUg==",
      "engines": {
        "node": ">=6"
      }
    },
    "node_modules/@sentry/utils": {
      "version": "6.7.2",
      "resolved": "https://registry.npmjs.org/@sentry/utils/-/utils-6.7.2.tgz",
      "integrity": "sha512-9COL7aaBbe61Hp5BlArtXZ1o/cxli1NGONLPrVT4fMyeQFmLonhUiy77NdsW19XnvhvaA+2IoV5dg3dnFiF/og==",
      "dependencies": {
        "@sentry/types": "6.7.2",
        "tslib": "^1.9.3"
      },
      "engines": {
        "node": ">=6"
      }
    },
    "node_modules/@types/gtag.js": {
      "version": "0.0.6",
      "resolved": "https://registry.npmjs.org/@types/gtag.js/-/gtag.js-0.0.6.tgz",
      "integrity": "sha512-QLE3WrQFBw4+E4E1om9aEVXlcnkSGAlWmU2Jc6G0bTMhuWPkBruv2o2bKhcM5GNnEMnz3vjjuOPg5Xe6ogevYA==",
      "dev": true
    },
    "node_modules/agent-base": {
      "version": "6.0.2",
      "resolved": "https://registry.npmjs.org/agent-base/-/agent-base-6.0.2.tgz",
      "integrity": "sha512-RZNwNclF7+MS/8bDg70amg32dyeZGZxiDuQmZxKLAlQjr3jGyLx+4Kkk58UO7D2QdgFIQCovuSuZESne6RG6XQ==",
      "dependencies": {
        "debug": "4"
      },
      "engines": {
        "node": ">= 6.0.0"
      }
    },
    "node_modules/agentkeepalive": {
      "version": "4.1.4",
      "resolved": "https://registry.npmjs.org/agentkeepalive/-/agentkeepalive-4.1.4.tgz",
      "integrity": "sha512-+V/rGa3EuU74H6wR04plBb7Ks10FbtUQgRj/FQOG7uUIEuaINI+AiqJR1k6t3SVNs7o7ZjIdus6706qqzVq8jQ==",
      "dependencies": {
        "debug": "^4.1.0",
        "depd": "^1.1.2",
        "humanize-ms": "^1.2.1"
      },
      "engines": {
        "node": ">= 8.0.0"
      }
    },
    "node_modules/axios": {
      "version": "0.21.1",
      "resolved": "https://registry.npmjs.org/axios/-/axios-0.21.1.tgz",
      "integrity": "sha512-dKQiRHxGD9PPRIUNIWvZhPTPpl1rf/OxTYKsqKUDjBwYylTvV7SjSHJb9ratfyzM6wCdLCOYLzs73qpg5c4iGA==",
      "dependencies": {
        "follow-redirects": "^1.10.0"
      }
    },
    "node_modules/cookie": {
      "version": "0.4.1",
      "resolved": "https://registry.npmjs.org/cookie/-/cookie-0.4.1.tgz",
      "integrity": "sha512-ZwrFkGJxUR3EIoXtO+yVE69Eb7KlixbaeAWfBQB9vVsNn/o+Yw69gBWSSDK825hQNdN+wF8zELf3dFNl/kxkUA==",
      "engines": {
        "node": ">= 0.6"
      }
    },
    "node_modules/debug": {
      "version": "4.3.1",
      "resolved": "https://registry.npmjs.org/debug/-/debug-4.3.1.tgz",
      "integrity": "sha512-doEwdvm4PCeK4K3RQN2ZC2BYUBaxwLARCqZmMjtF8a51J2Rb0xpVloFRnCODwqjpwnAoao4pelN8l3RJdv3gRQ==",
      "dependencies": {
        "ms": "2.1.2"
      },
      "engines": {
        "node": ">=6.0"
      },
      "peerDependenciesMeta": {
        "supports-color": {
          "optional": true
        }
      }
    },
    "node_modules/depd": {
      "version": "1.1.2",
      "resolved": "https://registry.npmjs.org/depd/-/depd-1.1.2.tgz",
      "integrity": "sha1-m81S4UwJd2PnSbJ0xDRu0uVgtak=",
      "engines": {
        "node": ">= 0.6"
      }
    },
    "node_modules/detect-browser": {
      "version": "5.2.0",
      "resolved": "https://registry.npmjs.org/detect-browser/-/detect-browser-5.2.0.tgz",
      "integrity": "sha512-tr7XntDAu50BVENgQfajMLzacmSe34D+qZc4zjnniz0ZVuw/TZcLcyxHQjYpJTM36sGEkZZlYLnIM1hH7alTMA=="
    },
    "node_modules/fast-safe-stringify": {
      "version": "2.0.7",
      "resolved": "https://registry.npmjs.org/fast-safe-stringify/-/fast-safe-stringify-2.0.7.tgz",
      "integrity": "sha512-Utm6CdzT+6xsDk2m8S6uL8VHxNwI6Jub+e9NYTcAms28T84pTa25GJQV9j0CY0N1rM8hK4x6grpF2BQf+2qwVA=="
    },
    "node_modules/follow-redirects": {
      "version": "1.14.1",
      "resolved": "https://registry.npmjs.org/follow-redirects/-/follow-redirects-1.14.1.tgz",
      "integrity": "sha512-HWqDgT7ZEkqRzBvc2s64vSZ/hfOceEol3ac/7tKwzuvEyWx3/4UegXh5oBOIotkGsObyk3xznnSRVADBgWSQVg==",
      "funding": [
        {
          "type": "individual",
          "url": "https://github.com/sponsors/RubenVerborgh"
        }
      ],
      "engines": {
        "node": ">=4.0"
      },
      "peerDependenciesMeta": {
        "debug": {
          "optional": true
        }
      }
    },
    "node_modules/ga-gtag": {
      "version": "1.1.0",
      "resolved": "https://registry.npmjs.org/ga-gtag/-/ga-gtag-1.1.0.tgz",
      "integrity": "sha512-+007x31yIrLmZDa+b0Hf/nrHuKWdX2Y6lQMCsIUT81jAvjQHyXcPt55sg5StTV/mzbbwB/9S4W0iDWwh2H/+7g=="
    },
    "node_modules/https-proxy-agent": {
      "version": "5.0.0",
      "resolved": "https://registry.npmjs.org/https-proxy-agent/-/https-proxy-agent-5.0.0.tgz",
      "integrity": "sha512-EkYm5BcKUGiduxzSt3Eppko+PiNWNEpa4ySk9vTC6wDsQJW9rHSa+UhGNJoRYp7bz6Ht1eaRIa6QaJqO5rCFbA==",
      "dependencies": {
        "agent-base": "6",
        "debug": "4"
      },
      "engines": {
        "node": ">= 6"
      }
    },
    "node_modules/humanize-ms": {
      "version": "1.2.1",
      "resolved": "https://registry.npmjs.org/humanize-ms/-/humanize-ms-1.2.1.tgz",
      "integrity": "sha1-xG4xWaKT9riW2ikxbYtv6Lt5u+0=",
      "dependencies": {
        "ms": "^2.0.0"
      }
    },
    "node_modules/json-stringify-safe": {
      "version": "5.0.1",
      "resolved": "https://registry.npmjs.org/json-stringify-safe/-/json-stringify-safe-5.0.1.tgz",
      "integrity": "sha1-Epai1Y/UXxmg9s4B1lcB4sc1tus="
    },
    "node_modules/lru_map": {
      "version": "0.3.3",
      "resolved": "https://registry.npmjs.org/lru_map/-/lru_map-0.3.3.tgz",
      "integrity": "sha1-tcg1G5Rky9dQM1p5ZQoOwOVhGN0="
    },
    "node_modules/ms": {
      "version": "2.1.2",
      "resolved": "https://registry.npmjs.org/ms/-/ms-2.1.2.tgz",
      "integrity": "sha512-sGkPx+VjMtmA6MX27oA4FBFELFCZZ4S4XqeGOXCv68tT+jb3vk/RyaKWP0PTKyWtmLSM0b+adUTEvbs1PEaH2w=="
    },
    "node_modules/tslib": {
      "version": "1.14.1",
      "resolved": "https://registry.npmjs.org/tslib/-/tslib-1.14.1.tgz",
      "integrity": "sha512-Xni35NKzjgMrwevysHTCArtLDpPvye8zV/0E4EyYn43P7/7qvQwPh9BGkHewbMulVntbigmcT7rdX3BNo9wRJg=="
    }
  },
  "dependencies": {
    "@logdna/browser": {
      "version": "1.1.2",
      "resolved": "https://registry.npmjs.org/@logdna/browser/-/browser-1.1.2.tgz",
      "integrity": "sha512-bsYVGm3z7KWu5Pd8J4rpL4ob5RlwiL7xjo1G+Qv8VzhdrYWO2Gml0SpJjcQrkLhDf5Me8WeZ3uwcRpdVzSWPZw==",
      "requires": {
        "detect-browser": "^5.2.0",
        "fast-safe-stringify": "^2.0.7"
      }
    },
    "@logdna/logger": {
      "version": "2.3.2",
      "resolved": "https://registry.npmjs.org/@logdna/logger/-/logger-2.3.2.tgz",
      "integrity": "sha512-ZbP/5Ozl2jKLImMrDDsJH2gK3ew6C6CHpTNAxmXWWUxSBcYaT0ZUv1otRDtVETRgFtD9ds4ojqx/gtoKUfJ8cw==",
      "requires": {
        "agentkeepalive": "^4.1.3",
        "axios": "^0.21.1",
        "https-proxy-agent": "^5.0.0",
        "json-stringify-safe": "^5.0.1"
      }
    },
    "@sentry/browser": {
      "version": "6.7.2",
      "resolved": "https://registry.npmjs.org/@sentry/browser/-/browser-6.7.2.tgz",
      "integrity": "sha512-Lv0Ne1QcesyGAhVcQDfQa3hDPR/MhPSDTMg3xFi+LxqztchVc4w/ynzR0wCZFb8KIHpTj5SpJHfxpDhXYMtS9g==",
      "requires": {
        "@sentry/core": "6.7.2",
        "@sentry/types": "6.7.2",
        "@sentry/utils": "6.7.2",
        "tslib": "^1.9.3"
      }
    },
    "@sentry/core": {
      "version": "6.7.2",
      "resolved": "https://registry.npmjs.org/@sentry/core/-/core-6.7.2.tgz",
      "integrity": "sha512-NTZqwN5nR94yrXmSfekoPs1mIFuKvf8esdIW/DadwSKWAdLJwQTJY9xK/8PQv+SEzd7wiitPAx+mCw2By1xiNQ==",
      "requires": {
        "@sentry/hub": "6.7.2",
        "@sentry/minimal": "6.7.2",
        "@sentry/types": "6.7.2",
        "@sentry/utils": "6.7.2",
        "tslib": "^1.9.3"
      }
    },
    "@sentry/hub": {
      "version": "6.7.2",
      "resolved": "https://registry.npmjs.org/@sentry/hub/-/hub-6.7.2.tgz",
      "integrity": "sha512-05qVW6ymChJsXag4+fYCQokW3AcABIgcqrVYZUBf6GMU/Gbz5SJqpV7y1+njwWvnPZydMncP9LaDVpMKbE7UYQ==",
      "requires": {
        "@sentry/types": "6.7.2",
        "@sentry/utils": "6.7.2",
        "tslib": "^1.9.3"
      }
    },
    "@sentry/minimal": {
      "version": "6.7.2",
      "resolved": "https://registry.npmjs.org/@sentry/minimal/-/minimal-6.7.2.tgz",
      "integrity": "sha512-jkpwFv2GFHoVl5vnK+9/Q+Ea8eVdbJ3hn3/Dqq9MOLFnVK7ED6MhdHKLT79puGSFj+85OuhM5m2Q44mIhyS5mw==",
      "requires": {
        "@sentry/hub": "6.7.2",
        "@sentry/types": "6.7.2",
        "tslib": "^1.9.3"
      }
    },
    "@sentry/node": {
      "version": "6.7.2",
      "resolved": "https://registry.npmjs.org/@sentry/node/-/node-6.7.2.tgz",
      "integrity": "sha512-vfNTmxBbHthAKPDBo0gVk/aNHdgUfXLzmaK7FgWO7cISiI2soCfvKEIP61XqIFZru06teqcRuDsYlR4wSeyWpg==",
      "requires": {
        "@sentry/core": "6.7.2",
        "@sentry/hub": "6.7.2",
        "@sentry/tracing": "6.7.2",
        "@sentry/types": "6.7.2",
        "@sentry/utils": "6.7.2",
        "cookie": "^0.4.1",
        "https-proxy-agent": "^5.0.0",
        "lru_map": "^0.3.3",
        "tslib": "^1.9.3"
      }
    },
    "@sentry/tracing": {
      "version": "6.7.2",
      "resolved": "https://registry.npmjs.org/@sentry/tracing/-/tracing-6.7.2.tgz",
      "integrity": "sha512-juKlI7FICKONWJFJxDxerj0A+8mNRhmtrdR+OXFqOkqSAy/QXlSFZcA/j//O19k2CfwK1BrvoMcQ/4gnffUOVg==",
      "requires": {
        "@sentry/hub": "6.7.2",
        "@sentry/minimal": "6.7.2",
        "@sentry/types": "6.7.2",
        "@sentry/utils": "6.7.2",
        "tslib": "^1.9.3"
      }
    },
    "@sentry/types": {
      "version": "6.7.2",
      "resolved": "https://registry.npmjs.org/@sentry/types/-/types-6.7.2.tgz",
      "integrity": "sha512-h21Go/PfstUN+ZV6SbwRSZVg9GXRJWdLfHoO5PSVb3TVEMckuxk8tAE57/u+UZDwX8wu+Xyon2TgsKpiWKxqUg=="
    },
    "@sentry/utils": {
      "version": "6.7.2",
      "resolved": "https://registry.npmjs.org/@sentry/utils/-/utils-6.7.2.tgz",
      "integrity": "sha512-9COL7aaBbe61Hp5BlArtXZ1o/cxli1NGONLPrVT4fMyeQFmLonhUiy77NdsW19XnvhvaA+2IoV5dg3dnFiF/og==",
      "requires": {
        "@sentry/types": "6.7.2",
        "tslib": "^1.9.3"
      }
    },
    "@types/gtag.js": {
      "version": "0.0.6",
      "resolved": "https://registry.npmjs.org/@types/gtag.js/-/gtag.js-0.0.6.tgz",
      "integrity": "sha512-QLE3WrQFBw4+E4E1om9aEVXlcnkSGAlWmU2Jc6G0bTMhuWPkBruv2o2bKhcM5GNnEMnz3vjjuOPg5Xe6ogevYA==",
      "dev": true
    },
    "agent-base": {
      "version": "6.0.2",
      "resolved": "https://registry.npmjs.org/agent-base/-/agent-base-6.0.2.tgz",
      "integrity": "sha512-RZNwNclF7+MS/8bDg70amg32dyeZGZxiDuQmZxKLAlQjr3jGyLx+4Kkk58UO7D2QdgFIQCovuSuZESne6RG6XQ==",
      "requires": {
        "debug": "4"
      }
    },
    "agentkeepalive": {
      "version": "4.1.4",
      "resolved": "https://registry.npmjs.org/agentkeepalive/-/agentkeepalive-4.1.4.tgz",
      "integrity": "sha512-+V/rGa3EuU74H6wR04plBb7Ks10FbtUQgRj/FQOG7uUIEuaINI+AiqJR1k6t3SVNs7o7ZjIdus6706qqzVq8jQ==",
      "requires": {
        "debug": "^4.1.0",
        "depd": "^1.1.2",
        "humanize-ms": "^1.2.1"
      }
    },
    "axios": {
      "version": "0.21.1",
      "resolved": "https://registry.npmjs.org/axios/-/axios-0.21.1.tgz",
      "integrity": "sha512-dKQiRHxGD9PPRIUNIWvZhPTPpl1rf/OxTYKsqKUDjBwYylTvV7SjSHJb9ratfyzM6wCdLCOYLzs73qpg5c4iGA==",
      "requires": {
        "follow-redirects": "^1.10.0"
      }
    },
    "cookie": {
      "version": "0.4.1",
      "resolved": "https://registry.npmjs.org/cookie/-/cookie-0.4.1.tgz",
      "integrity": "sha512-ZwrFkGJxUR3EIoXtO+yVE69Eb7KlixbaeAWfBQB9vVsNn/o+Yw69gBWSSDK825hQNdN+wF8zELf3dFNl/kxkUA=="
    },
    "debug": {
      "version": "4.3.1",
      "resolved": "https://registry.npmjs.org/debug/-/debug-4.3.1.tgz",
      "integrity": "sha512-doEwdvm4PCeK4K3RQN2ZC2BYUBaxwLARCqZmMjtF8a51J2Rb0xpVloFRnCODwqjpwnAoao4pelN8l3RJdv3gRQ==",
      "requires": {
        "ms": "2.1.2"
      }
    },
    "depd": {
      "version": "1.1.2",
      "resolved": "https://registry.npmjs.org/depd/-/depd-1.1.2.tgz",
      "integrity": "sha1-m81S4UwJd2PnSbJ0xDRu0uVgtak="
    },
    "detect-browser": {
      "version": "5.2.0",
      "resolved": "https://registry.npmjs.org/detect-browser/-/detect-browser-5.2.0.tgz",
      "integrity": "sha512-tr7XntDAu50BVENgQfajMLzacmSe34D+qZc4zjnniz0ZVuw/TZcLcyxHQjYpJTM36sGEkZZlYLnIM1hH7alTMA=="
    },
    "fast-safe-stringify": {
      "version": "2.0.7",
      "resolved": "https://registry.npmjs.org/fast-safe-stringify/-/fast-safe-stringify-2.0.7.tgz",
      "integrity": "sha512-Utm6CdzT+6xsDk2m8S6uL8VHxNwI6Jub+e9NYTcAms28T84pTa25GJQV9j0CY0N1rM8hK4x6grpF2BQf+2qwVA=="
    },
    "follow-redirects": {
      "version": "1.14.1",
      "resolved": "https://registry.npmjs.org/follow-redirects/-/follow-redirects-1.14.1.tgz",
      "integrity": "sha512-HWqDgT7ZEkqRzBvc2s64vSZ/hfOceEol3ac/7tKwzuvEyWx3/4UegXh5oBOIotkGsObyk3xznnSRVADBgWSQVg=="
    },
    "ga-gtag": {
      "version": "1.1.0",
      "resolved": "https://registry.npmjs.org/ga-gtag/-/ga-gtag-1.1.0.tgz",
      "integrity": "sha512-+007x31yIrLmZDa+b0Hf/nrHuKWdX2Y6lQMCsIUT81jAvjQHyXcPt55sg5StTV/mzbbwB/9S4W0iDWwh2H/+7g=="
    },
    "https-proxy-agent": {
      "version": "5.0.0",
      "resolved": "https://registry.npmjs.org/https-proxy-agent/-/https-proxy-agent-5.0.0.tgz",
      "integrity": "sha512-EkYm5BcKUGiduxzSt3Eppko+PiNWNEpa4ySk9vTC6wDsQJW9rHSa+UhGNJoRYp7bz6Ht1eaRIa6QaJqO5rCFbA==",
      "requires": {
        "agent-base": "6",
        "debug": "4"
      }
    },
    "humanize-ms": {
      "version": "1.2.1",
      "resolved": "https://registry.npmjs.org/humanize-ms/-/humanize-ms-1.2.1.tgz",
      "integrity": "sha1-xG4xWaKT9riW2ikxbYtv6Lt5u+0=",
      "requires": {
        "ms": "^2.0.0"
      }
    },
    "json-stringify-safe": {
      "version": "5.0.1",
      "resolved": "https://registry.npmjs.org/json-stringify-safe/-/json-stringify-safe-5.0.1.tgz",
      "integrity": "sha1-Epai1Y/UXxmg9s4B1lcB4sc1tus="
    },
    "lru_map": {
      "version": "0.3.3",
      "resolved": "https://registry.npmjs.org/lru_map/-/lru_map-0.3.3.tgz",
      "integrity": "sha1-tcg1G5Rky9dQM1p5ZQoOwOVhGN0="
    },
    "ms": {
      "version": "2.1.2",
      "resolved": "https://registry.npmjs.org/ms/-/ms-2.1.2.tgz",
      "integrity": "sha512-sGkPx+VjMtmA6MX27oA4FBFELFCZZ4S4XqeGOXCv68tT+jb3vk/RyaKWP0PTKyWtmLSM0b+adUTEvbs1PEaH2w=="
    },
    "tslib": {
      "version": "1.14.1",
      "resolved": "https://registry.npmjs.org/tslib/-/tslib-1.14.1.tgz",
      "integrity": "sha512-Xni35NKzjgMrwevysHTCArtLDpPvye8zV/0E4EyYn43P7/7qvQwPh9BGkHewbMulVntbigmcT7rdX3BNo9wRJg=="
    }
  }
}
