{
  "name": "@gooditworks/monitoring",
  "version": "1.0.0",
  "lockfileVersion": 2,
  "requires": true,
  "packages": {
    "": {
      "name": "@gooditworks/monitoring",
      "version": "1.0.0",
      "license": "MIT",
      "dependencies": {
        "@logdna/logger": "^2.3.2",
        "@sentry/browser": "^6.11.0",
        "@sentry/node": "^6.11.0"
      }
    },
    "node_modules/@logdna/logger": {
      "version": "2.3.2",
      "resolved": "https://registry.npmjs.org/@logdna/logger/-/logger-2.3.2.tgz",
      "integrity": "sha512-ZbP/5Ozl2jKLImMrDDsJH2gK3ew6C6CHpTNAxmXWWUxSBcYaT0ZUv1otRDtVETRgFtD9ds4ojqx/gtoKUfJ8cw==",
      "dependencies": {
        "agentkeepalive": "^4.1.3",
        "axios": "^0.21.1",
        "https-proxy-agent": "^5.0.0",
        "json-stringify-safe": "^5.0.1"
      }
    },
    "node_modules/@sentry/browser": {
      "version": "6.11.0",
      "resolved": "https://registry.npmjs.org/@sentry/browser/-/browser-6.11.0.tgz",
      "integrity": "sha512-Qr2QRA0t5/S9QQqxzYKvM9W8prvmiWuldfwRX4hubovXzcXLgUi4WK0/H612wSbYZ4dNAEcQbtlxFWJNN4wxdg==",
      "dependencies": {
        "@sentry/core": "6.11.0",
        "@sentry/types": "6.11.0",
        "@sentry/utils": "6.11.0",
        "tslib": "^1.9.3"
      },
      "engines": {
        "node": ">=6"
      }
    },
    "node_modules/@sentry/core": {
      "version": "6.11.0",
      "resolved": "https://registry.npmjs.org/@sentry/core/-/core-6.11.0.tgz",
      "integrity": "sha512-09TB+f3pqEq8LFahFWHO6I/4DxHo+NcS52OkbWMDqEi6oNZRD7PhPn3i14LfjsYVv3u3AESU8oxSEGbFrr2UjQ==",
      "dependencies": {
        "@sentry/hub": "6.11.0",
        "@sentry/minimal": "6.11.0",
        "@sentry/types": "6.11.0",
        "@sentry/utils": "6.11.0",
        "tslib": "^1.9.3"
      },
      "engines": {
        "node": ">=6"
      }
    },
    "node_modules/@sentry/hub": {
      "version": "6.11.0",
      "resolved": "https://registry.npmjs.org/@sentry/hub/-/hub-6.11.0.tgz",
      "integrity": "sha512-pT9hf+ZJfVFpoZopoC+yJmFNclr4NPqPcl2cgguqCHb69DklD1NxgBNWK8D6X05qjnNFDF991U6t1mxP9HrGuw==",
      "dependencies": {
        "@sentry/types": "6.11.0",
        "@sentry/utils": "6.11.0",
        "tslib": "^1.9.3"
      },
      "engines": {
        "node": ">=6"
      }
    },
    "node_modules/@sentry/minimal": {
      "version": "6.11.0",
      "resolved": "https://registry.npmjs.org/@sentry/minimal/-/minimal-6.11.0.tgz",
      "integrity": "sha512-XkZ7qrdlGp4IM/gjGxf1Q575yIbl5RvPbg+WFeekpo16Ufvzx37Mr8c2xsZaWosISVyE6eyFpooORjUlzy8EDw==",
      "dependencies": {
        "@sentry/hub": "6.11.0",
        "@sentry/types": "6.11.0",
        "tslib": "^1.9.3"
      },
      "engines": {
        "node": ">=6"
      }
    },
    "node_modules/@sentry/node": {
      "version": "6.11.0",
      "resolved": "https://registry.npmjs.org/@sentry/node/-/node-6.11.0.tgz",
      "integrity": "sha512-vbk+V/n7ZIFD8rHPYy03t/gIG5V7LGdjU4qJxVDgNZzticfWPnd2sLgle/r+l60XF6SKW/epG4rnxnBcgPdWaw==",
      "dependencies": {
        "@sentry/core": "6.11.0",
        "@sentry/hub": "6.11.0",
        "@sentry/tracing": "6.11.0",
        "@sentry/types": "6.11.0",
        "@sentry/utils": "6.11.0",
        "cookie": "^0.4.1",
        "https-proxy-agent": "^5.0.0",
        "lru_map": "^0.3.3",
        "tslib": "^1.9.3"
      },
      "engines": {
        "node": ">=6"
      }
    },
    "node_modules/@sentry/tracing": {
      "version": "6.11.0",
      "resolved": "https://registry.npmjs.org/@sentry/tracing/-/tracing-6.11.0.tgz",
      "integrity": "sha512-9VA1/SY++WeoMQI4K6n/sYgIdRtCu9NLWqmGqu/5kbOtESYFgAt1DqSyqGCr00ZjQiC2s7tkDkTNZb38K6KytQ==",
      "dependencies": {
        "@sentry/hub": "6.11.0",
        "@sentry/minimal": "6.11.0",
        "@sentry/types": "6.11.0",
        "@sentry/utils": "6.11.0",
        "tslib": "^1.9.3"
      },
      "engines": {
        "node": ">=6"
      }
    },
    "node_modules/@sentry/types": {
      "version": "6.11.0",
      "resolved": "https://registry.npmjs.org/@sentry/types/-/types-6.11.0.tgz",
      "integrity": "sha512-gm5H9eZhL6bsIy/h3T+/Fzzz2vINhHhqd92CjHle3w7uXdTdFV98i2pDpErBGNTSNzbntqOMifYEB5ENtZAvcg==",
      "engines": {
        "node": ">=6"
      }
    },
    "node_modules/@sentry/utils": {
      "version": "6.11.0",
      "resolved": "https://registry.npmjs.org/@sentry/utils/-/utils-6.11.0.tgz",
      "integrity": "sha512-IOvyFHcnbRQxa++jO+ZUzRvFHEJ1cZjrBIQaNVc0IYF0twUOB5PTP6joTcix38ldaLeapaPZ9LGfudbvYvxkdg==",
      "dependencies": {
        "@sentry/types": "6.11.0",
        "tslib": "^1.9.3"
      },
      "engines": {
        "node": ">=6"
      }
    },
    "node_modules/agent-base": {
      "version": "6.0.2",
      "resolved": "https://registry.npmjs.org/agent-base/-/agent-base-6.0.2.tgz",
      "integrity": "sha512-RZNwNclF7+MS/8bDg70amg32dyeZGZxiDuQmZxKLAlQjr3jGyLx+4Kkk58UO7D2QdgFIQCovuSuZESne6RG6XQ==",
      "dependencies": {
        "debug": "4"
      },
      "engines": {
        "node": ">= 6.0.0"
      }
    },
    "node_modules/agentkeepalive": {
      "version": "4.1.4",
      "resolved": "https://registry.npmjs.org/agentkeepalive/-/agentkeepalive-4.1.4.tgz",
      "integrity": "sha512-+V/rGa3EuU74H6wR04plBb7Ks10FbtUQgRj/FQOG7uUIEuaINI+AiqJR1k6t3SVNs7o7ZjIdus6706qqzVq8jQ==",
      "dependencies": {
        "debug": "^4.1.0",
        "depd": "^1.1.2",
        "humanize-ms": "^1.2.1"
      },
      "engines": {
        "node": ">= 8.0.0"
      }
    },
    "node_modules/axios": {
      "version": "0.21.1",
      "resolved": "https://registry.npmjs.org/axios/-/axios-0.21.1.tgz",
      "integrity": "sha512-dKQiRHxGD9PPRIUNIWvZhPTPpl1rf/OxTYKsqKUDjBwYylTvV7SjSHJb9ratfyzM6wCdLCOYLzs73qpg5c4iGA==",
      "dependencies": {
        "follow-redirects": "^1.10.0"
      }
    },
    "node_modules/cookie": {
      "version": "0.4.1",
      "resolved": "https://registry.npmjs.org/cookie/-/cookie-0.4.1.tgz",
      "integrity": "sha512-ZwrFkGJxUR3EIoXtO+yVE69Eb7KlixbaeAWfBQB9vVsNn/o+Yw69gBWSSDK825hQNdN+wF8zELf3dFNl/kxkUA==",
      "engines": {
        "node": ">= 0.6"
      }
    },
    "node_modules/debug": {
      "version": "4.3.2",
      "resolved": "https://registry.npmjs.org/debug/-/debug-4.3.2.tgz",
      "integrity": "sha512-mOp8wKcvj7XxC78zLgw/ZA+6TSgkoE2C/ienthhRD298T7UNwAg9diBpLRxC0mOezLl4B0xV7M0cCO6P/O0Xhw==",
      "dependencies": {
        "ms": "2.1.2"
      },
      "engines": {
        "node": ">=6.0"
      },
      "peerDependenciesMeta": {
        "supports-color": {
          "optional": true
        }
      }
    },
    "node_modules/depd": {
      "version": "1.1.2",
      "resolved": "https://registry.npmjs.org/depd/-/depd-1.1.2.tgz",
      "integrity": "sha1-m81S4UwJd2PnSbJ0xDRu0uVgtak=",
      "engines": {
        "node": ">= 0.6"
      }
    },
    "node_modules/follow-redirects": {
      "version": "1.14.1",
      "resolved": "https://registry.npmjs.org/follow-redirects/-/follow-redirects-1.14.1.tgz",
      "integrity": "sha512-HWqDgT7ZEkqRzBvc2s64vSZ/hfOceEol3ac/7tKwzuvEyWx3/4UegXh5oBOIotkGsObyk3xznnSRVADBgWSQVg==",
      "funding": [
        {
          "type": "individual",
          "url": "https://github.com/sponsors/RubenVerborgh"
        }
      ],
      "engines": {
        "node": ">=4.0"
      },
      "peerDependenciesMeta": {
        "debug": {
          "optional": true
        }
      }
    },
    "node_modules/https-proxy-agent": {
      "version": "5.0.0",
      "resolved": "https://registry.npmjs.org/https-proxy-agent/-/https-proxy-agent-5.0.0.tgz",
      "integrity": "sha512-EkYm5BcKUGiduxzSt3Eppko+PiNWNEpa4ySk9vTC6wDsQJW9rHSa+UhGNJoRYp7bz6Ht1eaRIa6QaJqO5rCFbA==",
      "dependencies": {
        "agent-base": "6",
        "debug": "4"
      },
      "engines": {
        "node": ">= 6"
      }
    },
    "node_modules/humanize-ms": {
      "version": "1.2.1",
      "resolved": "https://registry.npmjs.org/humanize-ms/-/humanize-ms-1.2.1.tgz",
      "integrity": "sha1-xG4xWaKT9riW2ikxbYtv6Lt5u+0=",
      "dependencies": {
        "ms": "^2.0.0"
      }
    },
    "node_modules/json-stringify-safe": {
      "version": "5.0.1",
      "resolved": "https://registry.npmjs.org/json-stringify-safe/-/json-stringify-safe-5.0.1.tgz",
      "integrity": "sha1-Epai1Y/UXxmg9s4B1lcB4sc1tus="
    },
    "node_modules/lru_map": {
      "version": "0.3.3",
      "resolved": "https://registry.npmjs.org/lru_map/-/lru_map-0.3.3.tgz",
      "integrity": "sha1-tcg1G5Rky9dQM1p5ZQoOwOVhGN0="
    },
    "node_modules/ms": {
      "version": "2.1.2",
      "resolved": "https://registry.npmjs.org/ms/-/ms-2.1.2.tgz",
      "integrity": "sha512-sGkPx+VjMtmA6MX27oA4FBFELFCZZ4S4XqeGOXCv68tT+jb3vk/RyaKWP0PTKyWtmLSM0b+adUTEvbs1PEaH2w=="
    },
    "node_modules/tslib": {
      "version": "1.14.1",
      "resolved": "https://registry.npmjs.org/tslib/-/tslib-1.14.1.tgz",
      "integrity": "sha512-Xni35NKzjgMrwevysHTCArtLDpPvye8zV/0E4EyYn43P7/7qvQwPh9BGkHewbMulVntbigmcT7rdX3BNo9wRJg=="
    }
  },
  "dependencies": {
    "@logdna/logger": {
      "version": "2.3.2",
      "resolved": "https://registry.npmjs.org/@logdna/logger/-/logger-2.3.2.tgz",
      "integrity": "sha512-ZbP/5Ozl2jKLImMrDDsJH2gK3ew6C6CHpTNAxmXWWUxSBcYaT0ZUv1otRDtVETRgFtD9ds4ojqx/gtoKUfJ8cw==",
      "requires": {
        "agentkeepalive": "^4.1.3",
        "axios": "^0.21.1",
        "https-proxy-agent": "^5.0.0",
        "json-stringify-safe": "^5.0.1"
      }
    },
    "@sentry/browser": {
      "version": "6.11.0",
      "resolved": "https://registry.npmjs.org/@sentry/browser/-/browser-6.11.0.tgz",
      "integrity": "sha512-Qr2QRA0t5/S9QQqxzYKvM9W8prvmiWuldfwRX4hubovXzcXLgUi4WK0/H612wSbYZ4dNAEcQbtlxFWJNN4wxdg==",
      "requires": {
        "@sentry/core": "6.11.0",
        "@sentry/types": "6.11.0",
        "@sentry/utils": "6.11.0",
        "tslib": "^1.9.3"
      }
    },
    "@sentry/core": {
      "version": "6.11.0",
      "resolved": "https://registry.npmjs.org/@sentry/core/-/core-6.11.0.tgz",
      "integrity": "sha512-09TB+f3pqEq8LFahFWHO6I/4DxHo+NcS52OkbWMDqEi6oNZRD7PhPn3i14LfjsYVv3u3AESU8oxSEGbFrr2UjQ==",
      "requires": {
        "@sentry/hub": "6.11.0",
        "@sentry/minimal": "6.11.0",
        "@sentry/types": "6.11.0",
        "@sentry/utils": "6.11.0",
        "tslib": "^1.9.3"
      }
    },
    "@sentry/hub": {
      "version": "6.11.0",
      "resolved": "https://registry.npmjs.org/@sentry/hub/-/hub-6.11.0.tgz",
      "integrity": "sha512-pT9hf+ZJfVFpoZopoC+yJmFNclr4NPqPcl2cgguqCHb69DklD1NxgBNWK8D6X05qjnNFDF991U6t1mxP9HrGuw==",
      "requires": {
        "@sentry/types": "6.11.0",
        "@sentry/utils": "6.11.0",
        "tslib": "^1.9.3"
      }
    },
    "@sentry/minimal": {
      "version": "6.11.0",
      "resolved": "https://registry.npmjs.org/@sentry/minimal/-/minimal-6.11.0.tgz",
      "integrity": "sha512-XkZ7qrdlGp4IM/gjGxf1Q575yIbl5RvPbg+WFeekpo16Ufvzx37Mr8c2xsZaWosISVyE6eyFpooORjUlzy8EDw==",
      "requires": {
        "@sentry/hub": "6.11.0",
        "@sentry/types": "6.11.0",
        "tslib": "^1.9.3"
      }
    },
    "@sentry/node": {
      "version": "6.11.0",
      "resolved": "https://registry.npmjs.org/@sentry/node/-/node-6.11.0.tgz",
      "integrity": "sha512-vbk+V/n7ZIFD8rHPYy03t/gIG5V7LGdjU4qJxVDgNZzticfWPnd2sLgle/r+l60XF6SKW/epG4rnxnBcgPdWaw==",
      "requires": {
        "@sentry/core": "6.11.0",
        "@sentry/hub": "6.11.0",
        "@sentry/tracing": "6.11.0",
        "@sentry/types": "6.11.0",
        "@sentry/utils": "6.11.0",
        "cookie": "^0.4.1",
        "https-proxy-agent": "^5.0.0",
        "lru_map": "^0.3.3",
        "tslib": "^1.9.3"
      }
    },
    "@sentry/tracing": {
      "version": "6.11.0",
      "resolved": "https://registry.npmjs.org/@sentry/tracing/-/tracing-6.11.0.tgz",
      "integrity": "sha512-9VA1/SY++WeoMQI4K6n/sYgIdRtCu9NLWqmGqu/5kbOtESYFgAt1DqSyqGCr00ZjQiC2s7tkDkTNZb38K6KytQ==",
      "requires": {
        "@sentry/hub": "6.11.0",
        "@sentry/minimal": "6.11.0",
        "@sentry/types": "6.11.0",
        "@sentry/utils": "6.11.0",
        "tslib": "^1.9.3"
      }
    },
    "@sentry/types": {
      "version": "6.11.0",
      "resolved": "https://registry.npmjs.org/@sentry/types/-/types-6.11.0.tgz",
      "integrity": "sha512-gm5H9eZhL6bsIy/h3T+/Fzzz2vINhHhqd92CjHle3w7uXdTdFV98i2pDpErBGNTSNzbntqOMifYEB5ENtZAvcg=="
    },
    "@sentry/utils": {
      "version": "6.11.0",
      "resolved": "https://registry.npmjs.org/@sentry/utils/-/utils-6.11.0.tgz",
      "integrity": "sha512-IOvyFHcnbRQxa++jO+ZUzRvFHEJ1cZjrBIQaNVc0IYF0twUOB5PTP6joTcix38ldaLeapaPZ9LGfudbvYvxkdg==",
      "requires": {
        "@sentry/types": "6.11.0",
        "tslib": "^1.9.3"
      }
    },
    "agent-base": {
      "version": "6.0.2",
      "resolved": "https://registry.npmjs.org/agent-base/-/agent-base-6.0.2.tgz",
      "integrity": "sha512-RZNwNclF7+MS/8bDg70amg32dyeZGZxiDuQmZxKLAlQjr3jGyLx+4Kkk58UO7D2QdgFIQCovuSuZESne6RG6XQ==",
      "requires": {
        "debug": "4"
      }
    },
    "agentkeepalive": {
      "version": "4.1.4",
      "resolved": "https://registry.npmjs.org/agentkeepalive/-/agentkeepalive-4.1.4.tgz",
      "integrity": "sha512-+V/rGa3EuU74H6wR04plBb7Ks10FbtUQgRj/FQOG7uUIEuaINI+AiqJR1k6t3SVNs7o7ZjIdus6706qqzVq8jQ==",
      "requires": {
        "debug": "^4.1.0",
        "depd": "^1.1.2",
        "humanize-ms": "^1.2.1"
      }
    },
    "axios": {
      "version": "0.21.1",
      "resolved": "https://registry.npmjs.org/axios/-/axios-0.21.1.tgz",
      "integrity": "sha512-dKQiRHxGD9PPRIUNIWvZhPTPpl1rf/OxTYKsqKUDjBwYylTvV7SjSHJb9ratfyzM6wCdLCOYLzs73qpg5c4iGA==",
      "requires": {
        "follow-redirects": "^1.10.0"
      }
    },
    "cookie": {
      "version": "0.4.1",
      "resolved": "https://registry.npmjs.org/cookie/-/cookie-0.4.1.tgz",
      "integrity": "sha512-ZwrFkGJxUR3EIoXtO+yVE69Eb7KlixbaeAWfBQB9vVsNn/o+Yw69gBWSSDK825hQNdN+wF8zELf3dFNl/kxkUA=="
    },
    "debug": {
      "version": "4.3.2",
      "resolved": "https://registry.npmjs.org/debug/-/debug-4.3.2.tgz",
      "integrity": "sha512-mOp8wKcvj7XxC78zLgw/ZA+6TSgkoE2C/ienthhRD298T7UNwAg9diBpLRxC0mOezLl4B0xV7M0cCO6P/O0Xhw==",
      "requires": {
        "ms": "2.1.2"
      }
    },
    "depd": {
      "version": "1.1.2",
      "resolved": "https://registry.npmjs.org/depd/-/depd-1.1.2.tgz",
      "integrity": "sha1-m81S4UwJd2PnSbJ0xDRu0uVgtak="
    },
    "follow-redirects": {
      "version": "1.14.1",
      "resolved": "https://registry.npmjs.org/follow-redirects/-/follow-redirects-1.14.1.tgz",
      "integrity": "sha512-HWqDgT7ZEkqRzBvc2s64vSZ/hfOceEol3ac/7tKwzuvEyWx3/4UegXh5oBOIotkGsObyk3xznnSRVADBgWSQVg=="
    },
    "https-proxy-agent": {
      "version": "5.0.0",
      "resolved": "https://registry.npmjs.org/https-proxy-agent/-/https-proxy-agent-5.0.0.tgz",
      "integrity": "sha512-EkYm5BcKUGiduxzSt3Eppko+PiNWNEpa4ySk9vTC6wDsQJW9rHSa+UhGNJoRYp7bz6Ht1eaRIa6QaJqO5rCFbA==",
      "requires": {
        "agent-base": "6",
        "debug": "4"
      }
    },
    "humanize-ms": {
      "version": "1.2.1",
      "resolved": "https://registry.npmjs.org/humanize-ms/-/humanize-ms-1.2.1.tgz",
      "integrity": "sha1-xG4xWaKT9riW2ikxbYtv6Lt5u+0=",
      "requires": {
        "ms": "^2.0.0"
      }
    },
    "json-stringify-safe": {
      "version": "5.0.1",
      "resolved": "https://registry.npmjs.org/json-stringify-safe/-/json-stringify-safe-5.0.1.tgz",
      "integrity": "sha1-Epai1Y/UXxmg9s4B1lcB4sc1tus="
    },
    "lru_map": {
      "version": "0.3.3",
      "resolved": "https://registry.npmjs.org/lru_map/-/lru_map-0.3.3.tgz",
      "integrity": "sha1-tcg1G5Rky9dQM1p5ZQoOwOVhGN0="
    },
    "ms": {
      "version": "2.1.2",
      "resolved": "https://registry.npmjs.org/ms/-/ms-2.1.2.tgz",
      "integrity": "sha512-sGkPx+VjMtmA6MX27oA4FBFELFCZZ4S4XqeGOXCv68tT+jb3vk/RyaKWP0PTKyWtmLSM0b+adUTEvbs1PEaH2w=="
    },
    "tslib": {
      "version": "1.14.1",
      "resolved": "https://registry.npmjs.org/tslib/-/tslib-1.14.1.tgz",
      "integrity": "sha512-Xni35NKzjgMrwevysHTCArtLDpPvye8zV/0E4EyYn43P7/7qvQwPh9BGkHewbMulVntbigmcT7rdX3BNo9wRJg=="
    }
  }
}
